Microsoft Visual Studio Solution File, Format Version 12.00
# Visual Studio 2012
Project("{FAE04EC0-301F-11D3-BF4B-00C04F79EFBC}") = "Projects", "Projects.csproj", "{DD2F299A-428E-43A1-9D04-3381EA8E08A5}"
EndProject
Global
	GlobalSection(SolutionConfigurationPlatforms) = preSolution
	Debug|Any CPU = Debug|Any CPU
	ExportDebug|Any CPU = ExportDebug|Any CPU
	ExportRelease|Any CPU = ExportRelease|Any CPU
	EndGlobalSection
	GlobalSection(ProjectConfigurationPlatforms) = postSolution
		{DD2F299A-428E-43A1-9D04-3381EA8E08A5}.Debug|Any CPU.ActiveCfg = Debug|Any CPU
		{DD2F299A-428E-43A1-9D04-3381EA8E08A5}.Debug|Any CPU.Build.0 = Debug|Any CPU
		{DD2F299A-428E-43A1-9D04-3381EA8E08A5}.ExportDebug|Any CPU.ActiveCfg = ExportDebug|Any CPU
		{DD2F299A-428E-43A1-9D04-3381EA8E08A5}.ExportDebug|Any CPU.Build.0 = ExportDebug|Any CPU
		{DD2F299A-428E-43A1-9D04-3381EA8E08A5}.ExportRelease|Any CPU.ActiveCfg = ExportRelease|Any CPU
		{DD2F299A-428E-43A1-9D04-3381EA8E08A5}.ExportRelease|Any CPU.Build.0 = ExportRelease|Any CPU
	EndGlobalSection
EndGlobal
